
Microsoft Visual Studio Solution File, Format Version 11.00
# Visual Studio 2010
Project("{FAE04EC0-301F-11D3-BF4B-00C04F79EFBC}") = "Plupload", "Plupload.csproj", "{95F0DEE8-DE7A-46C5-9DCC-0570B0FC4643}"
EndProject
Global
	GlobalSection(SolutionConfigurationPlatforms) = preSolution
		Debug|Any CPU = Debug|Any CPU
		Release|Any CPU = Release|Any CPU
	EndGlobalSection
	GlobalSection(ProjectConfigurationPlatforms) = postSolution
		{95F0DEE8-DE7A-46C5-9DCC-0570B0FC4643}.Debug|Any CPU.ActiveCfg = Release|Any CPU
		{95F0DEE8-DE7A-46C5-9DCC-0570B0FC4643}.Debug|Any CPU.Build.0 = Release|Any CPU
		{95F0DEE8-DE7A-46C5-9DCC-0570B0FC4643}.Release|Any CPU.ActiveCfg = Release|Any CPU
		{95F0DEE8-DE7A-46C5-9DCC-0570B0FC4643}.Release|Any CPU.Build.0 = Release|Any CPU
	EndGlobalSection
	GlobalSection(SolutionProperties) = preSolution
		HideSolutionNode = FALSE
	EndGlobalSection
EndGlobal
